
Microsoft Visual Studio Solution File, Format Version 12.00
# Visual Studio Version 16
VisualStudioVersion = 16.0.31729.503
MinimumVisualStudioVersion = 10.0.40219.1
Project("{FAE04EC0-301F-11D3-BF4B-00C04F79EFBC}") = "ProductReviewManagement", "ProductReviewManagement\ProductReviewManagement.csproj", "{1E759EF1-A42F-4CE9-84AF-5649B6130CFA}"
EndProject
Global
	GlobalSection(SolutionConfigurationPlatforms) = preSolution
		Debug|Any CPU = Debug|Any CPU
		Release|Any CPU = Release|Any CPU
	EndGlobalSection
	GlobalSection(ProjectConfigurationPlatforms) = postSolution
		{1E759EF1-A42F-4CE9-84AF-5649B6130CFA}.Debug|Any CPU.ActiveCfg = Debug|Any CPU
		{1E759EF1-A42F-4CE9-84AF-5649B6130CFA}.Debug|Any CPU.Build.0 = Debug|Any CPU
		{1E759EF1-A42F-4CE9-84AF-5649B6130CFA}.Release|Any CPU.ActiveCfg = Release|Any CPU
		{1E759EF1-A42F-4CE9-84AF-5649B6130CFA}.Release|Any CPU.Build.0 = Release|Any CPU
	EndGlobalSection
	GlobalSection(SolutionProperties) = preSolution
		HideSolutionNode = FALSE
	EndGlobalSection
	GlobalSection(ExtensibilityGlobals) = postSolution
		SolutionGuid = {F5C52ED7-0605-458E-B581-F58C60DB22E3}
	EndGlobalSection
EndGlobal
